{
    "_meta": {
        "hash": {
            "sha256": "1e3a11bd53e7c5b3f502195755744b2930ea1229cdcc1f9c26c265ca65c0a1e9"
        },
        "pipfile-spec": 6,
        "requires": {
            "python_version": "3.11"
        },
        "sources": [
            {
                "name": "pip_conf_index_global",
                "url": "https://mirrors.cloud.tencent.com/pypi/simple",
                "verify_ssl": true
            }
        ]
    },
    "default": {
        "anyio": {
            "hashes": [
                "sha256:44a3c9aba0f5defa43261a8b3efb97891f2bd7d804e0e1f56419befa1adfc780",
                "sha256:91dee416e570e92c64041bd18b900d1d6fa78dff7048769ce5ac5ddad004fbb5"
            ],
            "markers": "python_version >= '3.7'",
            "version": "==3.7.1"
        },
        "click": {
            "hashes": [
                "sha256:ae74fb96c20a0277a1d615f1e4d73c8414f5a98db8b799a7931d1582f3390c28",
                "sha256:ca9853ad459e787e2192211578cc907e7594e294c7ccc834310722b41b9ca6de"
            ],
            "markers": "python_version >= '3.7'",
            "version": "==8.1.7"
        },
        "fastapi": {
            "hashes": [
                "sha256:3270de872f0fe9ec809d4bd3d4d890c6d5cc7b9611d721d6438f9dacc8c4ef2e",
                "sha256:75a11f6bfb8fc4d2bec0bd710c2d5f2829659c0e8c0afd5560fdda6ce25ec653"
            ],
            "index": "pip_conf_index_global",
            "markers": "python_version >= '3.7'",
            "version": "==0.103.2"
        },
        "greenlet": {
            "hashes": [
                "sha256:02a807b2a58d5cdebb07050efe3d7deaf915468d112dfcf5e426d0564aa3aa4a",
                "sha256:02c14e89c54af7f16017b8549707960631d096a6c84149d9eee4caa4b82340ca",
                "sha256:07f6d1ce31a1db5102a42b4afa609af330edfd8a81d10faba3e47ae33a07cbdf",
                "sha256:082254e697de276ff2b0dd7f63f7abcb5a96b405575aa6a143237479392de65e",
                "sha256:097a2f75c79c3fa76fea2e5d48a637233722fe72a5ebb1213c55f0a0898f481c",
                "sha256:0a9dfcadc1d79696e90ccb1275c30ad4ec5fd3d1ab3ae6671286fac78ef33435",
                "sha256:0b72b802496cccbd9b31acea72b6f87e7771ccfd7f7927437d592e5c92ed703c",
                "sha256:0bcbff28b0c8306e558d8254547f64463d276bb985dfca2a03fc199524b023a3",
                "sha256:0c2cf3b36c5d8f36de5f4b496c4e37084a8bd79723c80b6a744c74d9f3ebab66",
                "sha256:0ccc9f789507c3f407c9c734b421acb537341f143cc899a27aa325ee64efd22c",
                "sha256:0d3f83ffb18dc57243e0151331e3c383b05e5b6c5029ac29f754745c800f8ed9",
                "sha256:0df5c2ad154f457fd372e39723493b3df519330a4c1bff3ca901be66130f379b",
                "sha256:0f313771cb8ee0a04dfdf586b7d4076180d80c94be09049daeea018089b5b957",
                "sha256:10b5582744abd9858947d163843d323d0b67be9432db50f8bf83031032bc218d",
                "sha256:123910c58234a8d40eaab595bc56a5ae49bdd90122dde5bdc012c20595a94c14",
                "sha256:13cca2ef67d778d0efd955da0e78c33720306785e30e6524a0cab0e0fc66e83a",
                "sha256:1410fee2909da770cad1004736acda571e77078e77a220467944a8be700c21fe",
                "sha256:1482fba7fbed96ea7842b5a7fc11d61727e8be75a077e603e8ab49d24e234383",
                "sha256:16c2d5716c4ad6bd37d12aa4c7f7d9c955c1435c90c868942f4a2d6641f96721",
                "sha256:17503397bf6cbb5e364217143b6150c540020c51a3f6b08f9a20cd67c25e2ca8",
                "sha256:1764017fae4186cfc9158adf19646802a1e25e303dec56615255bd7df7a6e3d0",
                "sha256:17dc2e63b7772f92e3a10d8ba420972e89595b7a191c345e0407f0dfa8c81c96",
                "sha256:180ec55cb127bc745669eddc9793ffab6e0cf7311e67e1592f183d6ca00d88c1",
                "sha256:19834e3f91f485442adc1ee440171ec5d9a4840a1f7bd5ed97833544719ce10b",
                "sha256:1a250a321e04ea89300c5a493b7f6e41512bac66adbc79b493eba4c2335c1a1d",
                "sha256:1b3f3568478bc21b85968e8038c4f98f4bf0039a692791bc324b5e0d1522f4b1",
                "sha256:1bd4ea36f0aeb14ca335e0c9594a5aaefa1ac4e2db7d86ba38f0be96166b3102",
                "sha256:1c16f1bbaf9c75dfac3e52bb778d2fd6099fd5aa59fafa678eca5853eedd99ec",
                "sha256:1d363666acc21d2c204dd8705c0e0457d7b2ee7a76cb16ffc099d6799744ac99",
                "sha256:1dfda4239260a8028ce67272a3aa01d80e5996f610a48e24b558e959eba926a1",
                "sha256:1e179278b75e0274c59a831aac51600acd09367a484603bddf8cbfef93a24583",
                "sha256:1fb703a102a02361a0cc6a3d9a7958e1584fdeb536bd37ca9aca529d3356bedd",
                "sha256:211ef8d174601b80e01436f4e6905aca341b15a566f35a10dd8d1e93f5dbb3b7",
                "sha256:215bdb33e85fd89fe55f9984dc6f0a96b5774bace663e1a6d051e65d66170ef8",
                "sha256:21e23b95c99732402cf50802d4c850d024c6f5ec2615d7d33312862e05fd0815",
                "sha256:21ebcb570e0d8501457d6a2695a44c5af3b6c2143dc6644ec73574beba067c90",
                "sha256:24071eee113d75fedebaeb86264d94f04b5a24e311c5ba3e8003c07d00112a7e",
                "sha256:242d56d2d5f6859f0f086ce62555a2c692c8053c89721d41fead5e1e8dffdb36",
                "sha256:24dcc5c6ee38b729243f90b7c3ff1f1a20edd65f7737e5f9e4476000c9be452e",
                "sha256:256b748fc1e6c97012f217e0a403116cb0dd369bf1cff51c07a9c52899d4a8a8",
                "sha256:25a85514318ccadad1a671111a32a5d6ec89d319dd6cc44ea0d8dc17efcd44b7",
                "sha256:2629dc3d9da78e113ae9639d37bd4566846e3647338e2becba31d0c0913b85cb",
                "sha256:269d06fa0f9624455ce08ae0179430eea61085e3cf6457f05982b37fd2cefe17",
                "sha256:270432cfdd6a50016b8259b3bbf398a3f7c06a06f2c68c7b93e49f53bc193bcf",
                "sha256:271ed380389d2f7e4c1545b6e0837986e62504ab561edbaff05da9c9f3f98f96",
                "sha256:27e49a68231abe36c437a38c59e7374eca4292d4984d1298c7a550a4bf0063c1",
                "sha256:28366e7135acdf5d9b907a02d29406cb6165438df1dcc04507f2035631e49274",
                "sha256:2840187a94e258445e62ff1545e34f0b1a14aef4d0078e5c88246688d2b6515e",
                "sha256:2a2affddff9b2f846f40799673e41b29f0500582415c860fca8f146858e9de1a",
                "sha256:2a7831d04a0f8a14645c010e3fb3fa36b8d2df304dd837948427ccfec2524ddf",
                "sha256:2ac4c92ef3c65442ffb61e9c17689629fd5b65a4ee9e15779aa1898365452d4d",
                "sha256:2b4ba2959278cc5d59ee2a1f774dbda3de3c44ee0e552739ac3852515308eb50",
                "sha256:2c850da9ab8e185682126eb8f78a6ef3358b5e65921e20ef7cf6907df6569338",
                "sha256:2cda110faee67613fed221f90467003f477088ef1cc84c8fc88537785a5b4de9",
                "sha256:2e160a65cc6023a237be870f2072513747d512a1d018efa083acce0b673cccc0",
                "sha256:2e7dcdfad252f2ca83c685b0fa9fba00e4d8f243b73839229d56ee3d9d219314",
                "sha256:2f22ca88d9a040c66a8d54470e0c8301eb2610c0b8ba62d78e819ef5639632d9",
                "sha256:2fcf7af83516db35af3d0ed5d182dea8585eddd891977adff1b74212f4bfd2fd",
                "sha256:30daee988fc83078b016fa95a7a1f78a7c86534a44238748b9748675814eb1dc",
                "sha256:30ffaa6c020a615c8f4be3abfc6029982fda026a3bf9a6dc7205afb033251506",
                "sha256:31c115eb4507cf0d9b7c232773469e7ba88bc1c42e5b567665c0f1d9b926e625",
                "sha256:334ef6ed8337bd0b58bb0ae4f7f2dcc84c9f116e474bb4ec250a8bb9bd797a66",
                "sha256:343675e0da2f3c69d3fb1e894ba0a1acf58f481f3b9372ce1eb465ef93cf6fed",
                "sha256:36cebce1f30964d5672fd956860e7e7b69772da69658d5743cb676b442eeff36",
                "sha256:37213e72058d2e6231d18417adc63c698c040fbb47dc59a3fd633973214ab1ab",
                "sha256:37e475fa3bb6785edc87fcbcdf4bef8ea3b25f2834d395efdd715725cf05aefd",
                "sha256:37f60b3a42d8b5499be910d1267b24355c495064f271cfe74bf28b17b099133c",
                "sha256:3827ca11ae94bce62924aa47735a60facecbe62abe1f610aea8e2e0665945530",
                "sha256:38ad562a104cd41e9d4644f46ea37167b93190c6d5e4048fcc4b80d34ecb278f",
                "sha256:38ffc7538bc66766a8b551888903d415773481c4bd13560a4fb24887222e3cc9",
                "sha256:3960cf0fa3fb078a2a7c4f4f77048df2655d07b8d8b85584e5f24bd37d52a7ad",
                "sha256:39d069b85f09cfcbabd5f17428db547d1de9c676badf5163719fd1f73f582a70",
                "sha256:3c0082d7b83312c59127811367089f812f8f1386fad7e8cf321fd732b4a6ace6",
                "sha256:3c06bb876c4a8add1995e305bf26f69da1d515fc73802933678ed39ffcb19784",
                "sha256:3c0d36f5adc6e6100aedbc976d7428a9f7194ea79911aa4bf471f44ee13a9464",
                "sha256:3d858dec5e5b2109a049e446a9d214a52541f28a1f5cb32f12e1234beb3ea7f4",
                "sha256:3dd591f9a8b28caa4165db7632f7e894bc277284181072fb6a1cfc6c6808f46e",
                "sha256:3eab0aa44e8ea0d2849fbcb3fd65707e42f49c03decbaa375e263d574491a361",
                "sha256:3fd2b18432e7298fcbec3d39e1a0aa91ae9ea1c93356ec089421fabc3651572b",
                "sha256:40c5c744482dc88d84082c051f2504bc7ca73dd0d2e4b256ed79a531a71b4b75",
                "sha256:41d9a66f2d4f24925ce2f2fffd56fe0aadb9361ee23162037eb2dbda93016244",
                "sha256:426bf96ec469d7180d050659c8c7eec094d07c4609d187e7f539f5bd6b3b6252",
                "sha256:42bfe67824a9b53e73f568f982f0d1d4c7ac0f587d2e702a23f8a7b505d7b7c2",
                "sha256:434dba72c99a74743efc6c84810f3eaef37fd3e7bf21fa5f0852cee2a2f4bc5a",
                "sha256:437a1d006753bfded94832795831d6471ba151aecf25fde550fcc9362d6a4dec",
                "sha256:43aa50a2c85faef8328dda6e14da9d6257324f55b11c382e82e15f5fb50de866",
                "sha256:450a7e52a515402fd110ba807f1a7d464424bfa703be4effbcb97e1dfbfcc621",
                "sha256:463d63ca5d8c236788284a9a44b9715372a64d5318a6b5eee36815df1ea0ba3d",
                "sha256:4936e6e051932848c4b237a874da8dbb47bfbb5ae5104497fb78c4f4cf184989",
                "sha256:4a1a6244ff96343e9994e37e5b4839f09a0207d35ef6134dce5c20d260d0302c",
                "sha256:4c3251bfa1100f4b40d972a316c544ad7ac3663e9d409d46ec590ebf22a5d49c",
                "sha256:4c35608918f331256be199d3712552fa8a1d12f87ac171a86a31488c60d298f5",
                "sha256:4cd83fb8d8e17633ad534d9ac93719ef8937568d730ef07ac3a98cb520fd93e4",
                "sha256:4d0c0ffd732466ff324ced144fad55ed5deca36f6036c1d8f04cec69b084c9d6",
                "sha256:4e438a5a61d13328690b5ebe0249908e13c2ad866291319cfc574c00dc83347f",
                "sha256:4f7d2cfe8d5d4d7839c37c15d3c377e06590c26f0f4f271879fa547e760296dc",
                "sha256:4ff2a765f4861fc018827eab4df1992f7508d06c62de5d2fe8a6ac2233d4f1d0",
                "sha256:5033ed6e89255d989a2cc32fcacc22c105a19716409c59d45e2af2d1e8bcccb6",
                "sha256:51a59ccc4b96dbaf4a10c241a1869cf78b4529634c491671931ed1604d187271",
                "sha256:527cd90ba3d8d7ae7dceb06fda619895768a46a1b4e423bdb24c1969823b8362",
                "sha256:5288d886605833bba2f0b973b1636869b17f2f50c21ddb253e737a5a9891d57d",
                "sha256:53abf19b7dc62795c67b8d0a3d8ef866db166b21017632fff2624cf8fbf3481c",
                "sha256:5552d7be37d878e9b6359bbffa0512d857bb9703616a4c0656b49c10739d5971",
                "sha256:5585bf8d1d2d3712010ee74988c2ed85c54b127b97f2778fbdcc5b3ea8e801a2",
                "sha256:56867a3b3cf26dc8a0beecdb4459c59f4c47cdd5424618c08515f682e1d46692",
                "sha256:5770d43b08dfa10f4460c1bd51f8c80e6f2c47611054e9fb80d4d7976d07e560",
                "sha256:585810056a8adacd3152945ebfcd25deb58335d41f16ae4e0f3d768918957f9a",
                "sha256:5942b1d6ba447cff1ec23a21ec525dde2288f00464950bc647f4e0f03bd537d1",
                "sha256:5c21f1b14dbb3f6c971adbbed6c9fa5c38f613b05bff183fba0de27ed60954f4",
                "sha256:5c355c99be5bb23e85d899b059a4f22fdf8a0741c57e7029425ee63eb436f689",
                "sha256:5d2fe1f9ede486107c542284b23fb16090ebd9d68570d2e7c3bc7622273fa45d",
                "sha256:5f61df4fe07864561f49b45c8bd4d2c42e3f03d2872ed05c844902a58b875028",
                "sha256:5fcc7162944c2fedfb2253ca2171267e016a3b065c73369d0d4a27f601e7f162",
                "sha256:6039832b100c8ab4981b76cf04a97c9cc73017ae7d93a4461e476ae5398d0d0b",
                "sha256:608aaa885bf20690f97c2856cc42db43a8bfe24e8fdf3df15a2918ad684daf4b",
                "sha256:621fcb346141ae08cb95424ebfc5b014361621b8132c48e538e34c3c93ac7365",
                "sha256:62395bdc98432964379b55256af01192ba9f5ea336befec8411b07cf25aae83c",
                "sha256:63acdc34c9cde42a6534518e32ce55c30f932b473c62c235a466469a710bfbf9",
                "sha256:63c5a3207117d82e3fe0882b9fbc5c10d85acca82e7c55cc4f33fc9d52d412c2",
                "sha256:65028dc0d9c93f72ecb18d01361b0e9d374e927f582b3b6c3e744ebd2cbc7cd3",
                "sha256:65103efedb04f8ed4b3940a46f1ffe7b106c3e9b1d7e41a0e831d20ad36672ef",
                "sha256:6512592cc49b2c6d9b19fbaa0312124cd4c4c8a90d28473f86f92685cc5fef8e",
                "sha256:665942d3a954c3e4c976581715f57fb3b86f4cf6bae3ac30b133f8ff777ac6c7",
                "sha256:6672fdde0fd1a60b44fb1751a7779c6db487e42b0cc65e7caa6aa686874e79fb",
                "sha256:66790e1537382e53bce64de3a695d1b12a04b00104df45f7ef472a10561936c2",
                "sha256:66f1131c17dba115ea7cb3b257b6751b3c4cfd324f2121447e2483f57abbbf3c",
                "sha256:68349987bf2ce274953f9f9b28458869bd8770a0c5461e1ef91d8107b1bae361",
                "sha256:68368e908f14887fb202a81960bfbe3a02d97e6d3fa62b821556463084ffb131",
                "sha256:686821157368c1c4ef53aa68e6801280010da92ab0e4265dad37003341fca6a1",
                "sha256:68bd35ad9f99df0ef18836fd0fb34278dca6b3350bdcf1e8809822fc4f57a82e",
                "sha256:69db00f775ed9d233f53ef67c66ea40a7add0c0929eb528f633982e27595dd37",
                "sha256:6a5b2d4cdaf1c71057ff823a19d850ed5c6c2d3686cb71f73ae4d6382aaa7a06",
                "sha256:6a68d670c8f89ff65c82b936275369e532772eebc027c3be68c6b87ad05ca695",
                "sha256:6aac94ff957b5dea0216af71ab59c602e1b947b394e4f5e878a5a65643090038",
                "sha256:6bb36985f606a7c49916eff74ab99399cdfd09241c375d5a820bb855dfb4af9f",
                "sha256:6c05ac3d2d6c8ae0b140a08a9b8f23ed62b64d17729132bcf13040a39399d6f8",
                "sha256:6e15096aa9c92e651932c1234a88f479821266963899fc1cc9038938b69edcf8",
                "sha256:716ec1cb900e05e05dd13d602297ff9659fe4c08abcd5ca58884dfdc0c57b51c",
                "sha256:7267123be62a0cac2153a333cf78c97d129e632f240a9486f0bc35cbc715bf6e",
                "sha256:735ece0fe9eb80bda3f0b57afaf89912eee8b83a2495697f58142ee0df60295a",
                "sha256:73b2f1922a39d5d59cc0e597987300df3396b148a9bd10b76a058a2f2772fc04",
                "sha256:75029fba986b90ebfbf29c46a59840995d510da15220d29875be1eabfe0a81a5",
                "sha256:7709fd7bb02b31908dc8fd35bfd0a29fc24681d5cc9ac1d64ad07f8d2b7db62f",
                "sha256:79c5fa02d02d7d7be84ae109f853dc2291e49dd1dd8dfb80a52ce96ac1f9a88e",
                "sha256:7bd9da6b8f4703265d629f67b960fa09bd0cbabebf3b39d568b727fc12c74326",
                "sha256:7c887ecb55374d585d71ff8f9d07c137637694e88fa2b5d5b1450a05ece62ae9",
                "sha256:7e87eab2b4f054ef735503e40fd19653057a9dd90e15fc2116e53458986892d4",
                "sha256:8060b32d8586e912a7b7dac2d15b28dbbd63a174ab32f5bc6d107a1c4143f40b",
                "sha256:80dcd3c938cbcac986c5c92779db8e8ce51a89a849c135172c88ecbdc8c056b7",
                "sha256:813720bd57e193391dfe26f4871186cf460848b83df7e23e6bef698a7624b4c9",
                "sha256:81d653ae6c64b85ce4c7bccbea7b630de8799da751b73e55b4c68875b6eb19d6",
                "sha256:825899d8cab64af9207b7f1e694196c9e9bbd8c57dfd198c49b1c6c05e498f26",
                "sha256:831d6f35037cf18ca5e80a737a27d822d87cd922521d18ed3dbc8a6967be50ce",
                "sha256:835ae36a31b8f10c9229604bfdb4e33d4b01d37748f2bcfa139ff741a2ffd346",
                "sha256:864619b058f573058cd77f6944cf63d7f42157fe30be494798721bd8ac256d7b",
                "sha256:86e651fa59263f7ff1d4657b086c48cfe7e26db2a36e2d74069f3b5aeab478e6",
                "sha256:871b0a8835f9e9d461b7fdaa1b57e3492dd45398e87324c047469ce2fc9f516c",
                "sha256:8809f9b5a46ba5f64c9d2a3f5ab78ac2a72e903267eed7b9bcade3d476269b26",
                "sha256:889934aa8d72b6bfc46babd1dc4b817a56c97ec0f4a10ae7551fb60ab1f96fae",
                "sha256:8929ee2aafdde74b7e992d4cf2244b513474d527aa4b92de424979c644beca26",
                "sha256:895b689fc52a5bc402f8d624705110df5c265b1410ffe8e0769a66db9d2e7851",
                "sha256:89dd3cbce98c154e9a2e78916089197d9307c491d3a40f985bdfc3358d507915",
                "sha256:8c33c9b6b50f9e23f7c8c6bd65608bcb1116d2daafa924496397145bce9d13c8",
                "sha256:8d8ec5506b4c533081640b50f40f7862c1192fe6a2a7f4964e0382a3ae771555",
                "sha256:8f26c8fbcc8a6a0a1590fa5ed6ccc7f5144f7b40d4a8c2949296a3f5fd081fe0",
                "sha256:9184c77038e50a82a9613978268d5b41e502b9ce1eabc9991cb711d9285a117e",
                "sha256:952256c2bc5b4ee8df8dfc54fc4de330970bf5d79253c863fb5e6761f00dda35",
                "sha256:95bc6ec8dd73f8f36e9dfc61a7fa5a2819d1cd52d0bfdb70a43434d6b2aeb239",
                "sha256:96d9ea57292f636ec851a9bb961a5cc0f9976900e16e5d5647f19aa36ba6366b",
                "sha256:977898b8c24159467c66ed1a8f62aacd33f3d85f852cf413d0d2e2a87a6b3091",
                "sha256:97cac26bdf37f8008c678fd005693c50827fe721e99d339892226a5716e18742",
                "sha256:97dac9b3ebc84d42dce07e8842b809e533d4dcab85d7d39b4044312de2eb5cbe",
                "sha256:9871b3611a1a8121200482c3759e68b7b6ec88457eb59962653d9af65142a425",
                "sha256:997456b74efee91ceeb39d63818909da5dbb712a07f7742f4378986ac3473463",
                "sha256:9a812224a5fb17a538207e8cf8e86f517df2080c8ee0f8c1ed2bdaccd18f38f4",
                "sha256:9adbd8ecf097e34ada8efde9b6fec4dd2a903b1e98037adf72d12993a1c80b51",
                "sha256:9d188132f1201aa46f1df2293e3b862af554000e7d560a964b6d83f2e9b00e70",
                "sha256:9de687479faec7db5b198cc365bc34addd256b0028956501f4d4d5e9ca2e240a",
                "sha256:9f44ee49ef97d313309a990f46194b1cac39461919e9e7344397cea2c53ede51",
                "sha256:a00550757fca1b9cbc479f8eb1cf3514dbc0103b3f76eae46341c26ddcca67a9",
                "sha256:a048293392d4e058298710a54dfaefcefdf49d287cd33fb1f7d63d55426e4355",
                "sha256:a28f1fad22e9fe5c1d45046e51e1fafc6041295823ee5037c527825107704adb",
                "sha256:a31b3a4bd10c540a7eb7d4b43d16779813ca4c79b615ed6d4ebf0e5a782d9fa0",
                "sha256:a3b6bc53373ace36a567146a133e6ae29468fa86c0b71a1541306780df1d3d23",
                "sha256:a4a2d6ed0515c05afd5cc435361ced0baabd9ba4536ddfe8ad9a95bcb702c8ce",
                "sha256:a84a88422b5a0360fae57ad6b3b20fc17c9462880929810b0a26ee43aa05982e",
                "sha256:a8dd92fd76a61af2abc8ccad0c6c6069b3c4ebd4727ecc9a7c33aae37651c8c7",
                "sha256:a9a88e33810dc1cffaed833734690bcb6ab37271233b3eb717520b475ea6cd0d",
                "sha256:aa15a2ec737cb609ed48902b45c5e4ff6044feb5dcdfcf6fa8482379190330d7",
                "sha256:ab81f9ff3e3c2ca65e824454214c10985a846cd9bee5f4d04e15cd875d9fe13b",
                "sha256:abe1ef3d780de56defd0c77c5ba95e152f4e4c4e12d7e11dd8447d338b85a625",
                "sha256:ac10196b8cde7a082e4e371ff171407270d3337c8d57ed43030094eb01d9c95c",
                "sha256:ad6fb737e46b8bd63156b8f59ba6cdef46fe2b7db0c5804388a2d0519b8ddb99",
                "sha256:ae84d2f2658990f29df4ea753061b25c337bd70f805128af328098e5b8afc454",
                "sha256:afdbe8b0cfbd90c19bd18c8d31d52b231e94dc355a056bcd89fede06e2a54d01",
                "sha256:b0cb4449c6c13d515bde4b1d5456b5af07a9c8d1723785a4ed40b69d3e5d15fa",
                "sha256:b1660a15a446206c8545edc292ab5c48b91ff732f91b3d3b30d9a915d5ec4779",
                "sha256:b4298cb711efa5e889f61231ee6194e81c62ee67638a53f7ac2879b5e213b010",
                "sha256:b505fcfc26f4148551826a96f7317e02c400665fa0883fe505d4fcaab1dabfdd",
                "sha256:b55163588a651ceb042fd2a28df61aaf988ea739b5fbd10ff872e9fb4054f532",
                "sha256:b6f4229b7b5cc55f01b5112344cdf934de03085d5467a14fe59c68e92e03c1e4",
                "sha256:b6f8253fdb00e74b928ab5d04f88ddbc8beb0cc26aa978bb4a12c1513166d481",
                "sha256:b767930af686551dc96a5eb70af3736709d547ffa275c11a5e820bfb3ae61d8d",
                "sha256:b8097f1d9e8840fc0ce5e57464080ae8ba68fe0c848a38cd5bab4be81a046713",
                "sha256:b822fab253ac0f330ee807e7485769e3ac85d5eef827ca224feaaefa462dc0d0",
                "sha256:b9a1f4d256b81f59ba87bb7a29b9b38b1c018e052dba60a543cb0ddb5062d159",
                "sha256:b9bfdf44d35b3ec8a2dfd7cd4863b4e14a4236e4f13832811ace24ea7e94336c",
                "sha256:ba94c08321b5d345100fc64eb1ab235f42faf9aabba805cface55ebe677f1c2c",
                "sha256:bab71f73001cd15723c4e2ca398f2f48e0a3f584c619eefddb1525e8986e06eb",
                "sha256:bbe65521e3cdd3c5ef5124232803a3d0b3a18f23f6bb16cf883ca511565f8d76",
                "sha256:bce5cf2b0f0b29680396c5c98ab39a011bd70f2dfa8b8a6811a69ee6d920cf9f",
                "sha256:bd586284bbf18ca3068e1fcc67ef54538e1bb74cb605ebdac9e62048237839f5",
                "sha256:bdd696947cd695924aecb3870660b7545a19851f93b9d327ef8236bfc49be705",
                "sha256:bdfaeecf8cc705d35d8e6de324bf58427d7eafb55f67050d8f28053a3d57118c",
                "sha256:be557119bf467d37a8099d91fbf11b2de5eb1fd5fc5b91598407574848dc910f",
                "sha256:beeb5cfbd8f3792c37db4e3c5665aa750d78bbdabe758161a34e7dfe27075e69",
                "sha256:bfbf38edf3b4dc5811f2ed60d3dae37f12a919f3fc6ebd887072a0b6e5052772",
                "sha256:c02e514c72e745e49a3ae7e672a1018ba9b68460c21e0361054e956e5d595bc6",
                "sha256:c29236a2bea8481d446761f09b74107d0f8b437f0a2c246c93d35def39a011d1",
                "sha256:c3fb459ced6c5e3b2a895f23f1400f93e9b24d85c30fbe2d637d4f7706a1116b",
                "sha256:c60dc7bab6ec007ae6fbc229879d0521ac6965846dbc898587998cb7eed34d6d",
                "sha256:c6ac76f146b9781f6f189a504dc3596c2662b0d7b7690c7524c734e1f3795e78",
                "sha256:c6b5ce7f40f0e2f8b88c28e6691ca6806814157ff05e794cdd161be928550f4c",
                "sha256:c706041cd92e1b9d2b602eaa31e94aad14453bdbf186ce77530f25167c173a0e",
                "sha256:c80996e0846553822a4fbb952ef28fe1e83cc530b2c72f31210336c926b85bc1",
                "sha256:c80cac2776df3dd08f27b7338f467a62ee6cb29668a8f4f408b8da1f981aae9e",
                "sha256:c91e1e821d4dfc834fe09a8cf92228457d74c00c8422d1f7e31f3c0920b3c9c5",
                "sha256:c94e4e924d09b5a3e37b853fe5924a95eac058cb6f6fb437ebb588b7eda79870",
                "sha256:c9df6f55c86228e6de65ce25687b7aae827a1a39b0ab9c85dfcf47874e959976",
                "sha256:cc3e2679ea13b4de79bdc44b25a0c4fcd5e94e21b8f290791744ac42d34a0353",
                "sha256:cd31ab223e43ac64fd23f8f5dad249addadac2a459f040546200acbf7e84e353",
                "sha256:cd51cc2528a2985f3bc0564c1b1ce5b2e6fa4ee9924503010428256fa95b0e3c",
                "sha256:ce70aa089ec589b5d5fab388af9f8c9f9dfe8fe4ad844820a92eb240d8628ddf",
                "sha256:d1ccc41d1b2b8e08b2fdece8a0e621905caa8b58259e8d5844d1b2097fec8406",
                "sha256:d1e22c22f7826096ad503e9bb681b05b8c1f5a8138469b255eb91f26a76634f2",
                "sha256:d3cd3957af8cec1fcfd87d92ca71b7d434d798036e14ae878f9ab1e07d99da0d",
                "sha256:d47b2e1ad1429da9aa459ef189fbcd8a74ec28a16bc4c3f5f3cf3f88e36535eb",
                "sha256:d4d4aa0e59a7cd2e2c2863d688e8f9f6d1749acbee59d88057fa935b5db647f7",
                "sha256:d5539f6da3418c3dc002739cb2bb8d169056aa66e0c83f6bacae0cd3ac26b423",
                "sha256:d55db1db455c59b46f794346efce896e754b8942817f46a1bada2d29446e305a",
                "sha256:d61bad421c1f496f9fb6114dbd7c30a1dac0e9ff90e9be06f4472cbd8f7a1704",
                "sha256:d75632388c6140f387a5fbabfb606606c6ffb51c3408dc650823b4ee5dad31f8",
                "sha256:d79cf299ba1996d8a4f133b317e709a0a3ce87181308280e40664e12cb512c54",
                "sha256:d7ba2e5cb119eddbc10874b41047ad99525e39e397f7aef500e6da0d6f46ab91",
                "sha256:dd00046dfd00767fce18f9933658d126652a500caf7af9dbfbd43818e4b484c2",
                "sha256:dde0ab052c7a1deee8d13d72c37f2afecee30ebdf6eb139790157eaddf04dd61",
                "sha256:dde5deb355b34bbf44b15789e27c56862f51f417207be49eedc58fce34681fe6",
                "sha256:df34b52aa50a38d7a79f3abc9fda7e400791447aa0400ed895f275f6d8b0bb1f",
                "sha256:df9788c8e55cd278d7bce3636b834ba27fb529c49d1cf10bf65f21073047b84d",
                "sha256:e09dea87cc91aea5500262993cbd484b41edf8af74f976719dd83fe724644cd6",
                "sha256:e0fc20e6e6b298861035a5fc5dcf9fbaa0546318e8bda81112591861a7dcc28f",
                "sha256:e20d5e8dc76b73db9280464d6e81bea05e51a99f4d4dd29c5f78dc79f294a5d3",
                "sha256:e2e4c8cf7f637c98178b388140eedb6e539f3b4648766f55a54f042fb40f7dd7",
                "sha256:e31d1a33dc9006b278f72cb0aacfe397606c2693aa2fdc0c2f2dcddbad9e0b53",
                "sha256:e388ceb55b8f3f388afea4d4a17a64b619040f0e8e9fa3e17e7c34f4d0fbe103",
                "sha256:e3a99f890f2cc5535e1b3a90049c6ca9ff9da9ec251cc130c8d269997f9d32ee",
                "sha256:e52a712c38e5fb4fd68e00dc3caf00b60cb65634d50e32281a9d6431b33b4af1",
                "sha256:e693e759e172fa1c2c90d35dea4acbdd1d609b6936115d3739148d5e4cd11947",
                "sha256:e787b00002cef3b98c7cf700fb85c2c01b0d202b1c6731706e5baa4b3325aa1e",
                "sha256:e7b192c3df761d0fdd17c2d42d41c28460f124f5922e8bd524018f1d35610682",
                "sha256:e83c4c7a0814dcfd7e2fe4b74a371f3ce489b62ff02e81d0c5cacc8ba4750395",
                "sha256:e8698f341e78dd0f149511929e92d1507cc26647f047db13987169d244db10fb",
                "sha256:eadd3f66a1efceb7dd29a7bd10b5ce25c542d2ccffbf81f769b60229d7a16b16",
                "sha256:eb44ed57fdd30ca5066a0109f2d5a76c5b9a3b419e1a66cf83c78bcee839b9a5",
                "sha256:ecb05bb229f6ccad9240ae6d65be6234f4ff6f1366101cdb356c6d956a541277",
                "sha256:ecb27ac78518cf7fa13c55a825b4efb85febe6cdfa26b7f62daf0fc35a80146b",
                "sha256:ecf94aa539e97a8411b5ea52fc6ccd8371be9550c4041011a091eb8b3ca1d810",
                "sha256:ed0f4fad4c3656e34d20323a789b6a2d210a6bb82647d9c86dded372f55c58a1",
                "sha256:ed681062c3f30df74d9ee6999f5568ded089762051a728fd038561a08a6549a6",
                "sha256:ef48cf845f724e363912f086c455c9e5f16c3faf82e1157fc35aaf0ecd836c68",
                "sha256:ef7c6e49a9a020d56349c6a769352709bfbe35d3ee7f98bd5efcac6cedbdc162",
                "sha256:ef9789aea735004eba559c7919a73a3b475d0c28e2c1e9de464c6bc761bf69f4",
                "sha256:f059457db4e2ae4a4fdae455453c5e5765aa08efcb804e2a106c69c31bd438ba",
                "sha256:f0c5508582339090b99e2863a157fc2708ab9c8b5cd21619bdcb04edcdc6c28d",
                "sha256:f1c9ad8d6500f7b142a94054281d9628bc8652a14b0923d02e0dfd87392fbc74",
                "sha256:f25e73d30c00d2f95e45aee372968317dca0741d611f33873914cf8f7bad6d16",
                "sha256:f31cde4e4d1a202b4519acc3a516e8dc2b634fe9f678d6da3a2a5b43f6f9ff71",
                "sha256:f33e7ff85775cb0ec6abb0950ffc631960bae5a203da38166fc3dfde826e0d0a",
                "sha256:f34ec09702be907727fd479046193725441aaaf7ed4636ca042734f469bb7451",
                "sha256:f351479a6914fd81a55c8e68963609f792d9b067fb8a60a042c585a621e0de4f",
                "sha256:f3530c0ec1fc98c43d5b7061781a8c55bd0db44f789f8152e19d9526cbed6021",
                "sha256:f47932c434a3c8d3c86d865443fadc1fbf574e9b11d6650b656e602b1797908a",
                "sha256:f5672082576d0e9f52fa0fa732ff57254d65faeb4a471bc339fe54b58b3e79d2",
                "sha256:f8661d14d3e07f2ceeb850e4cbcc7114bdf90a8dc82d63d37b08a50bb6955a77",
                "sha256:f8b6a58cf48977041682341c40b998ede2ec020fc4c1dfbf46616e5b62383c16",
                "sha256:fa205571ffd8d859ef3fed8da579f8a1cb5cdfe4f15274902b4e15a0cf89f9cc",
                "sha256:fa2f74909b9713b3a7ae3640daafe5bfd01bffdb8e6954208bec56c2413b16bd",
                "sha256:fa4e52e9735a9a844ed545482eabfeeb252874bc7db9f8d1113b0c94e3bc55ce",
                "sha256:fbb4adb45492d1534d14d9d62c0de64cb1f25ab0a6a63c1ead68f274372a2530",
                "sha256:fe97d4828310299e5b06fe57b7b5ee550b7c7bc00186e0596578745b36fe94df",
                "sha256:ffb9f8969789771e95d3c982a36be81f0adfaa7302a1d56e29f168ca15e284b8",
                "sha256:ffeee01f34483287b34cf8297274a90b7c78b45136289ca1ac4a37f9a5683bb2"
            ],
            "markers": "python_version >= '3' and platform_machine == 'aarch64' or (platform_machine == 'ppc64le' or (platform_machine == 'x86_64' or (platform_machine == 'amd64' or (platform_machine == 'AMD64' or (platform_machine == 'win32' or platform_machine == 'WIN32')))))",
            "version": "==3.0.0"
        },
        "h11": {
            "hashes": [
                "sha256:8f19fbbe99e72420ff35c00b27a34cb9937e902a8b810e2c88300c6f0a3b699d",
                "sha256:e3fe4ac4b851c468cc8363d500db52c2ead036020723024a109d37346efaa761"
            ],
            "markers": "python_version >= '3.7'",
            "version": "==0.14.0"
        },
        "idna": {
            "hashes": [
                "sha256:814f528e8dead7d329833b91c5faa87d60bf71824cd12a7530b5526063d02cb4",
                "sha256:90b77e79eaa3eba6de819a0c442c0b4ceefc341a7a2ab77d7562bf49f425c5c2"
            ],
            "markers": "python_version >= '3.5'",
            "version": "==3.4"
        },
        "pillow": {
            "hashes": [
                "sha256:00f438bb841382b15d7deb9a05cc946ee0f2c352653c7aa659e75e592f6fa17d",
                "sha256:0248f86b3ea061e67817c47ecbe82c23f9dd5d5226200eb9090b3873d3ca32de",
                "sha256:04f6f6149f266a100374ca3cc368b67fb27c4af9f1cc8cb6306d849dcdf12616",
                "sha256:062a1610e3bc258bff2328ec43f34244fcec972ee0717200cb1425214fe5b839",
                "sha256:0a026c188be3b443916179f5d04548092e253beb0c3e2ee0a4e2cdad72f66099",
                "sha256:0f7c276c05a9767e877a0b4c5050c8bee6a6d960d7f0c11ebda6b99746068c2a",
                "sha256:1a8413794b4ad9719346cd9306118450b7b00d9a15846451549314a58ac42219",
                "sha256:1ab05f3db77e98f93964697c8efc49c7954b08dd61cff526b7f2531a22410106",
                "sha256:1c3ac5423c8c1da5928aa12c6e258921956757d976405e9467c5f39d1d577a4b",
                "sha256:1c41d960babf951e01a49c9746f92c5a7e0d939d1652d7ba30f6b3090f27e412",
                "sha256:1fafabe50a6977ac70dfe829b2d5735fd54e190ab55259ec8aea4aaea412fa0b",
                "sha256:1fb29c07478e6c06a46b867e43b0bcdb241b44cc52be9bc25ce5944eed4648e7",
                "sha256:24fadc71218ad2b8ffe437b54876c9382b4a29e030a05a9879f615091f42ffc2",
                "sha256:2cdc65a46e74514ce742c2013cd4a2d12e8553e3a2563c64879f7c7e4d28bce7",
                "sha256:2ef6721c97894a7aa77723740a09547197533146fba8355e86d6d9a4a1056b14",
                "sha256:3b834f4b16173e5b92ab6566f0473bfb09f939ba14b23b8da1f54fa63e4b623f",
                "sha256:3d929a19f5469b3f4df33a3df2983db070ebb2088a1e145e18facbc28cae5b27",
                "sha256:41f67248d92a5e0a2076d3517d8d4b1e41a97e2df10eb8f93106c89107f38b57",
                "sha256:47e5bf85b80abc03be7455c95b6d6e4896a62f6541c1f2ce77a7d2bb832af262",
                "sha256:4d0152565c6aa6ebbfb1e5d8624140a440f2b99bf7afaafbdbf6430426497f28",
                "sha256:50d08cd0a2ecd2a8657bd3d82c71efd5a58edb04d9308185d66c3a5a5bed9610",
                "sha256:61f1a9d247317fa08a308daaa8ee7b3f760ab1809ca2da14ecc88ae4257d6172",
                "sha256:6932a7652464746fcb484f7fc3618e6503d2066d853f68a4bd97193a3996e273",
                "sha256:7a7e3daa202beb61821c06d2517428e8e7c1aab08943e92ec9e5755c2fc9ba5e",
                "sha256:7dbaa3c7de82ef37e7708521be41db5565004258ca76945ad74a8e998c30af8d",
                "sha256:7df5608bc38bd37ef585ae9c38c9cd46d7c81498f086915b0f97255ea60c2818",
                "sha256:806abdd8249ba3953c33742506fe414880bad78ac25cc9a9b1c6ae97bedd573f",
                "sha256:883f216eac8712b83a63f41b76ddfb7b2afab1b74abbb413c5df6680f071a6b9",
                "sha256:912e3812a1dbbc834da2b32299b124b5ddcb664ed354916fd1ed6f193f0e2d01",
                "sha256:937bdc5a7f5343d1c97dc98149a0be7eb9704e937fe3dc7140e229ae4fc572a7",
                "sha256:9882a7451c680c12f232a422730f986a1fcd808da0fd428f08b671237237d651",
                "sha256:9a92109192b360634a4489c0c756364c0c3a2992906752165ecb50544c251312",
                "sha256:9d7bc666bd8c5a4225e7ac71f2f9d12466ec555e89092728ea0f5c0c2422ea80",
                "sha256:a5f63b5a68daedc54c7c3464508d8c12075e56dcfbd42f8c1bf40169061ae666",
                "sha256:a646e48de237d860c36e0db37ecaecaa3619e6f3e9d5319e527ccbc8151df061",
                "sha256:a89b8312d51715b510a4fe9fc13686283f376cfd5abca8cd1c65e4c76e21081b",
                "sha256:a92386125e9ee90381c3369f57a2a50fa9e6aa8b1cf1d9c4b200d41a7dd8e992",
                "sha256:ae88931f93214777c7a3aa0a8f92a683f83ecde27f65a45f95f22d289a69e593",
                "sha256:afc8eef765d948543a4775f00b7b8c079b3321d6b675dde0d02afa2ee23000b4",
                "sha256:b0eb01ca85b2361b09480784a7931fc648ed8b7836f01fb9241141b968feb1db",
                "sha256:b1c25762197144e211efb5f4e8ad656f36c8d214d390585d1d21281f46d556ba",
                "sha256:b4005fee46ed9be0b8fb42be0c20e79411533d1fd58edabebc0dd24626882cfd",
                "sha256:b920e4d028f6442bea9a75b7491c063f0b9a3972520731ed26c83e254302eb1e",
                "sha256:baada14941c83079bf84c037e2d8b7506ce201e92e3d2fa0d1303507a8538212",
                "sha256:bb40c011447712d2e19cc261c82655f75f32cb724788df315ed992a4d65696bb",
                "sha256:c0949b55eb607898e28eaccb525ab104b2d86542a85c74baf3a6dc24002edec2",
                "sha256:c9aeea7b63edb7884b031a35305629a7593272b54f429a9869a4f63a1bf04c34",
                "sha256:cfe96560c6ce2f4c07d6647af2d0f3c54cc33289894ebd88cfbb3bcd5391e256",
                "sha256:d27b5997bdd2eb9fb199982bb7eb6164db0426904020dc38c10203187ae2ff2f",
                "sha256:d921bc90b1defa55c9917ca6b6b71430e4286fc9e44c55ead78ca1a9f9eba5f2",
                "sha256:e6bf8de6c36ed96c86ea3b6e1d5273c53f46ef518a062464cd7ef5dd2cf92e38",
                "sha256:eaed6977fa73408b7b8a24e8b14e59e1668cfc0f4c40193ea7ced8e210adf996",
                "sha256:fa1d323703cfdac2036af05191b969b910d8f115cf53093125e4058f62012c9a",
                "sha256:fe1e26e1ffc38be097f0ba1d0d07fcade2bcfd1d023cda5b29935ae8052bd793"
            ],
            "index": "pip_conf_index_global",
            "markers": "python_version >= '3.8'",
            "version": "==10.1.0"
        },
        "pydantic": {
            "hashes": [
                "sha256:1740068fd8e2ef6eb27a20e5651df000978edce6da6803c2bef0bc74540f9548",
                "sha256:210ce042e8f6f7c01168b2d84d4c9eb2b009fe7bf572c2266e235edf14bacd80",
                "sha256:32c8b48dcd3b2ac4e78b0ba4af3a2c2eb6048cb75202f0ea7b34feb740efc340",
                "sha256:3ecea2b9d80e5333303eeb77e180b90e95eea8f765d08c3d278cd56b00345d01",
                "sha256:4b03e42ec20286f052490423682016fd80fda830d8e4119f8ab13ec7464c0132",
                "sha256:4c5370a7edaac06daee3af1c8b1192e305bc102abcbf2a92374b5bc793818599",
                "sha256:56e3ff861c3b9c6857579de282ce8baabf443f42ffba355bf070770ed63e11e1",
                "sha256:5a1f9f747851338933942db7af7b6ee8268568ef2ed86c4185c6ef4402e80ba8",
                "sha256:5e08865bc6464df8c7d61439ef4439829e3ab62ab1669cddea8dd00cd74b9ffe",
                "sha256:61d9dce220447fb74f45e73d7ff3b530e25db30192ad8d425166d43c5deb6df0",
                "sha256:654db58ae399fe6434e55325a2c3e959836bd17a6f6a0b6ca8107ea0571d2e17",
                "sha256:678bcf5591b63cc917100dc50ab6caebe597ac67e8c9ccb75e698f66038ea953",
                "sha256:6cf25c1a65c27923a17b3da28a0bdb99f62ee04230c931d83e888012851f4e7f",
                "sha256:75ac15385a3534d887a99c713aa3da88a30fbd6204a5cd0dc4dab3d770b9bd2f",
                "sha256:75b297827b59bc229cac1a23a2f7a4ac0031068e5be0ce385be1462e7e17a35d",
                "sha256:7d6f6e7305244bddb4414ba7094ce910560c907bdfa3501e9db1a7fd7eaea127",
                "sha256:84bafe2e60b5e78bc64a2941b4c071a4b7404c5c907f5f5a99b0139781e69ed8",
                "sha256:854223752ba81e3abf663d685f105c64150873cc6f5d0c01d3e3220bcff7d36f",
                "sha256:8ae5dd6b721459bfa30805f4c25880e0dd78fc5b5879f9f7a692196ddcb5a580",
                "sha256:8ef467901d7a41fa0ca6db9ae3ec0021e3f657ce2c208e98cd511f3161c762c6",
                "sha256:968ac42970f57b8344ee08837b62f6ee6f53c33f603547a55571c954a4225691",
                "sha256:97cce3ae7341f7620a0ba5ef6cf043975cd9d2b81f3aa5f4ea37928269bc1b87",
                "sha256:9849f031cf8a2f0a928fe885e5a04b08006d6d41876b8bbd2fc68a18f9f2e3fd",
                "sha256:9f00790179497767aae6bcdc36355792c79e7bbb20b145ff449700eb076c5f96",
                "sha256:b87326822e71bd5f313e7d3bfdc77ac3247035ac10b0c0618bd99dcf95b1e687",
                "sha256:b97c1fac8c49be29486df85968682b0afa77e1b809aff74b83081cc115e52f33",
                "sha256:bc0898c12f8e9c97f6cd44c0ed70d55749eaf783716896960b4ecce2edfd2d69",
                "sha256:c553f6a156deb868ba38a23cf0df886c63492e9257f60a79c0fd8e7173537653",
                "sha256:c636925f38b8db208e09d344c7aa4f29a86bb9947495dd6b6d376ad10334fb78",
                "sha256:c958d053453a1c4b1c2062b05cd42d9d5c8eb67537b8d5a7e3c3032943ecd261",
                "sha256:d3a3c792a58e1622667a2837512099eac62490cdfd63bd407993aaf200a4cf1f",
                "sha256:e31647d85a2013d926ce60b84f9dd5300d44535a9941fe825dc349ae1f760df9",
                "sha256:e70ca129d2053fb8b728ee7d1af8e553a928d7e301a311094b8a0501adc8763d",
                "sha256:efff03cc7a4f29d9009d1c96ceb1e7a70a65cfe86e89d34e4a5f2ab1e5693737",
                "sha256:f59ef915cac80275245824e9d771ee939133be38215555e9dc90c6cb148aaeb5",
                "sha256:f8e81fc5fb17dae698f52bdd1c4f18b6ca674d7068242b2aff075f588301bbb0"
            ],
            "markers": "python_version >= '3.7'",
            "version": "==1.10.13"
        },
        "sniffio": {
            "hashes": [
                "sha256:e60305c5e5d314f5389259b7f22aaa33d8f7dee49763119234af3755c55b9101",
                "sha256:eecefdce1e5bbfb7ad2eeaabf7c1eeb404d7757c379bd1f7e5cce9d8bf425384"
            ],
            "markers": "python_version >= '3.7'",
            "version": "==1.3.0"
        },
        "sqlalchemy": {
            "hashes": [
                "sha256:0002e829142b2af00b4eaa26c51728f3ea68235f232a2e72a9508a3116bd6ed0",
                "sha256:0005bd73026cd239fc1e8ccdf54db58b6193be9a02b3f0c5983808f84862c767",
                "sha256:0292f70d1797e3c54e862e6f30ae474014648bc9c723e14a2fda730adb0a9791",
                "sha256:036d8472356e1d5f096c5e0e1a7e0f9182140ada3602f8fff6b7329e9e7cfbcd",
                "sha256:05f0de3a1dc3810a776275763764bb0015a02ae0f698a794646ebc5fb06fad33",
                "sha256:0990932f7cca97fece8017414f57fdd80db506a045869d7ddf2dda1d7cf69ecc",
                "sha256:13e397a9371ecd25573a7b90bd037db604331cf403f5318038c46ee44908c44d",
                "sha256:14576238a5f89bcf504c5f0a388d0ca78df61fb42cb2af0efe239dc965d4f5c9",
                "sha256:199a73c31ac8ea59937cc0bf3dfc04392e81afe2ec8a74f26f489d268867846c",
                "sha256:2082a2d2fca363a3ce21cfa3d068c5a1ce4bf720cf6497fb3a9fc643a8ee4ddd",
                "sha256:22ff16cedab5b16a0db79f1bc99e46a6ddececb60c396562e50aab58ddb2871c",
                "sha256:2307495d9e0ea00d0c726be97a5b96615035854972cc538f6e7eaed23a35886c",
                "sha256:2ad2b727fc41c7f8757098903f85fafb4bf587ca6605f82d9bf5604bd9c7cded",
                "sha256:2d6495f84c4fd11584f34e62f9feec81bf373787b3942270487074e35cbe5330",
                "sha256:361f6b5e3f659e3c56ea3518cf85fbdae1b9e788ade0219a67eeaaea8a4e4d2a",
                "sha256:3e2ef592ac3693c65210f8b53d0edcf9f4405925adcfc031ff495e8d18169682",
                "sha256:4676d51c9f6f6226ae8f26dc83ec291c088fe7633269757d333978df78d931ab",
                "sha256:4ba7e122510bbc07258dc42be6ed45997efdf38129bde3e3f12649be70683546",
                "sha256:5102fb9ee2c258a2218281adcb3e1918b793c51d6c2b4666ce38c35101bb940e",
                "sha256:5323252be2bd261e0aa3f33cb3a64c45d76829989fa3ce90652838397d84197d",
                "sha256:58bb65b3274b0c8a02cea9f91d6f44d0da79abc993b33bdedbfec98c8440175a",
                "sha256:59bdc291165b6119fc6cdbc287c36f7f2859e6051dd923bdf47b4c55fd2f8bd0",
                "sha256:5facb7fd6fa8a7353bbe88b95695e555338fb038ad19ceb29c82d94f62775a05",
                "sha256:639e1ae8d48b3c86ffe59c0daa9a02e2bfe17ca3d2b41611b30a0073937d4497",
                "sha256:8eb8897367a21b578b26f5713833836f886817ee2ffba1177d446fa3f77e67c8",
                "sha256:90484a2b00baedad361402c257895b13faa3f01780f18f4a104a2f5c413e4536",
                "sha256:9c56e19780cd1344fcd362fd6265a15f48aa8d365996a37fab1495cae8fcd97d",
                "sha256:b67fc780cfe2b306180e56daaa411dd3186bf979d50a6a7c2a5b5036575cbdbb",
                "sha256:c0dcf127bb99458a9d211e6e1f0f3edb96c874dd12f2503d4d8e4f1fd103790b",
                "sha256:c23d64a0b28fc78c96289ffbd0d9d1abd48d267269b27f2d34e430ea73ce4b26",
                "sha256:ccfd238f766a5bb5ee5545a62dd03f316ac67966a6a658efb63eeff8158a4bbf",
                "sha256:cd767cf5d7252b1c88fcfb58426a32d7bd14a7e4942497e15b68ff5d822b41ad",
                "sha256:ce8feaa52c1640de9541eeaaa8b5fb632d9d66249c947bb0d89dd01f87c7c288",
                "sha256:d2e054aed4645f9b755db85bc69fc4ed2c9020c19c8027976f66576b906a74f1",
                "sha256:e16c2be5cb19e2c08da7bd3a87fed2a0d4e90065ee553a940c4fc1a0fb1ab72b",
                "sha256:e4b12e3d88a8fffd0b4ca559f6d4957ed91bd4c0613a4e13846ab8729dc5c251",
                "sha256:e570cfc40a29d6ad46c9aeaddbdcee687880940a3a327f2c668dd0e4ef0a441d",
                "sha256:eb30cf008850c0a26b72bd1b9be6730830165ce049d239cfdccd906f2685f892",
                "sha256:f37fa70d95658763254941ddd30ecb23fc4ec0c5a788a7c21034fc2305dab7cc",
                "sha256:f5ebeeec5c14533221eb30bad716bc1fd32f509196318fb9caa7002c4a364e4c",
                "sha256:f5fa526d027d804b1f85cdda1eb091f70bde6fb7d87892f6dd5a48925bc88898"
            ],
            "markers": "python_version >= '2.7' and python_version not in '3.0, 3.1, 3.2, 3.3, 3.4, 3.5'",
            "version": "==1.4.41"
        },
        "sqlalchemy2-stubs": {
            "hashes": [
                "sha256:593784ff9fc0dc2ded1895e3322591689db3be06f3ca006e3ef47640baf2d38a",
                "sha256:bd5d530697d7e8c8504c7fe792ef334538392a5fb7aa7e4f670bfacdd668a19d"
            ],
            "markers": "python_version >= '3.6'",
            "version": "==0.0.2a35"
        },
        "sqlmodel": {
            "hashes": [
                "sha256:0fd805719e0c5d4f22be32eb3ffc856eca3f7f20e8c7aa3e117ad91684b518ee",
                "sha256:3371b4d1ad59d2ffd0c530582c2140b6c06b090b32af9b9c6412986d7b117036"
            ],
            "index": "pip_conf_index_global",
            "markers": "python_full_version >= '3.6.1' and python_full_version < '4.0.0'",
            "version": "==0.0.8"
        },
        "starlette": {
            "hashes": [
                "sha256:6a6b0d042acb8d469a01eba54e9cda6cbd24ac602c4cd016723117d6a7e73b75",
                "sha256:918416370e846586541235ccd38a474c08b80443ed31c578a418e2209b3eef91"
            ],
            "markers": "python_version >= '3.7'",
            "version": "==0.27.0"
        },
        "typing-extensions": {
            "hashes": [
                "sha256:86b48a88e428cbd88382fb599b8101363c3d92799f965f6b634183367cca1526",
                "sha256:8ac091074039c3b0ecf99e8e339a9cdbcac65b6e6b9684eb692e1d521a5e6bee",
                "sha256:8f92fc8806f9a6b641eaa5318da32b44d401efaac0f6678c9bc448ba3605faa0",
                "sha256:df8e4339e9cb77357558cbdbceca33c303714cf861d1eef15e1070055ae8b7ef"
            ],
            "markers": "python_version >= '3.8'",
            "version": "==4.8.0"
        },
        "uvicorn": {
            "hashes": [
                "sha256:1f9be6558f01239d4fdf22ef8126c39cb1ad0addf76c40e760549d2c2f43ab53",
                "sha256:4d3cc12d7727ba72b64d12d3cc7743124074c0a69f7b201512fc50c3e3f1569a"
            ],
            "index": "pip_conf_index_global",
            "markers": "python_version >= '3.8'",
            "version": "==0.23.2"
        }
    },
    "develop": {}
}
